// !$*UTF8*$!
{
	archiveVersion = 1;
	classes = {
	};
	objectVersion = 56;
	objects = {

/* Begin PBXBuildFile section */
		BBAA0B30A4591B88376F3DFB /* Pods_HelpAnimals.framework in Frameworks */ = {isa = PBXBuildFile; fileRef = 6EDD16C00CDBA190F85836DC /* Pods_HelpAnimals.framework */; };
		C3120F8C29DAB9F40038AA63 /* LocationModel.xcdatamodeld in Sources */ = {isa = PBXBuildFile; fileRef = C3120F8A29DAB9F30038AA63 /* LocationModel.xcdatamodeld */; };
		C317643029BA038800E69495 /* HomePageViewController.swift in Sources */ = {isa = PBXBuildFile; fileRef = C317642F29BA038800E69495 /* HomePageViewController.swift */; };
		C317643229BA03AF00E69495 /* FeedingPointViewController.swift in Sources */ = {isa = PBXBuildFile; fileRef = C317643129BA03AF00E69495 /* FeedingPointViewController.swift */; };
		C317643429BA03CA00E69495 /* NewAddViewController.swift in Sources */ = {isa = PBXBuildFile; fileRef = C317643329BA03CA00E69495 /* NewAddViewController.swift */; };
		C317643629BA03D900E69495 /* LocationViewController.swift in Sources */ = {isa = PBXBuildFile; fileRef = C317643529BA03D900E69495 /* LocationViewController.swift */; };
		C317643829BA03E500E69495 /* SettingsViewController.swift in Sources */ = {isa = PBXBuildFile; fileRef = C317643729BA03E500E69495 /* SettingsViewController.swift */; };
		C317643C29BA13C100E69495 /* addFeedingPointViewController.swift in Sources */ = {isa = PBXBuildFile; fileRef = C317643B29BA13C100E69495 /* addFeedingPointViewController.swift */; };
		C317643E29BA13DB00E69495 /* addAdoptAnimalViewController.swift in Sources */ = {isa = PBXBuildFile; fileRef = C317643D29BA13DB00E69495 /* addAdoptAnimalViewController.swift */; };
		C317644229BA193D00E69495 /* DetailViewController.swift in Sources */ = {isa = PBXBuildFile; fileRef = C317644129BA193D00E69495 /* DetailViewController.swift */; };
		C33424DD29D99FA300BE91E2 /* FeedTableViewCell.swift in Sources */ = {isa = PBXBuildFile; fileRef = C33424DC29D99FA300BE91E2 /* FeedTableViewCell.swift */; };
		C33424DF29D9A98100BE91E2 /* DetailFeedViewController.swift in Sources */ = {isa = PBXBuildFile; fileRef = C33424DE29D9A98100BE91E2 /* DetailFeedViewController.swift */; };
		C3434B7329D6D42D00D4A877 /* AnimalsTableViewCell.swift in Sources */ = {isa = PBXBuildFile; fileRef = C3434B7229D6D42D00D4A877 /* AnimalsTableViewCell.swift */; };
		C373879C29B744F800286DCB /* AppDelegate.swift in Sources */ = {isa = PBXBuildFile; fileRef = C373879B29B744F800286DCB /* AppDelegate.swift */; };
		C373879E29B744F800286DCB /* SceneDelegate.swift in Sources */ = {isa = PBXBuildFile; fileRef = C373879D29B744F800286DCB /* SceneDelegate.swift */; };
		C37387A029B744F800286DCB /* ViewController.swift in Sources */ = {isa = PBXBuildFile; fileRef = C373879F29B744F800286DCB /* ViewController.swift */; };
		C37387A329B744F800286DCB /* Main.storyboard in Resources */ = {isa = PBXBuildFile; fileRef = C37387A129B744F800286DCB /* Main.storyboard */; };
		C37387A529B744F900286DCB /* Assets.xcassets in Resources */ = {isa = PBXBuildFile; fileRef = C37387A429B744F900286DCB /* Assets.xcassets */; };
		C37387A829B744F900286DCB /* LaunchScreen.storyboard in Resources */ = {isa = PBXBuildFile; fileRef = C37387A629B744F900286DCB /* LaunchScreen.storyboard */; };
		C3DD784129B8A3B100807C73 /* GoogleService-Info.plist in Resources */ = {isa = PBXBuildFile; fileRef = C3DD784029B8A3B100807C73 /* GoogleService-Info.plist */; };
		C3FECFD029B8CC2C000BE67E /* SignInViewController.swift in Sources */ = {isa = PBXBuildFile; fileRef = C3FECFCF29B8CC2C000BE67E /* SignInViewController.swift */; };
		C3FECFD229B8CCE5000BE67E /* SignUpViewController.swift in Sources */ = {isa = PBXBuildFile; fileRef = C3FECFD129B8CCE5000BE67E /* SignUpViewController.swift */; };
/* End PBXBuildFile section */

/* Begin PBXFileReference section */
		41AE161A1EA30D37F476150D /* Pods-HelpAnimals.release.xcconfig */ = {isa = PBXFileReference; includeInIndex = 1; lastKnownFileType = text.xcconfig; name = "Pods-HelpAnimals.release.xcconfig"; path = "Target Support Files/Pods-HelpAnimals/Pods-HelpAnimals.release.xcconfig"; sourceTree = "<group>"; };
		6EDD16C00CDBA190F85836DC /* Pods_HelpAnimals.framework */ = {isa = PBXFileReference; explicitFileType = wrapper.framework; includeInIndex = 0; path = Pods_HelpAnimals.framework; sourceTree = BUILT_PRODUCTS_DIR; };
		C3120F8B29DAB9F40038AA63 /* LocationModel.xcdatamodel */ = {isa = PBXFileReference; lastKnownFileType = wrapper.xcdatamodel; path = LocationModel.xcdatamodel; sourceTree = "<group>"; };
		C317642F29BA038800E69495 /* HomePageViewController.swift */ = {isa = PBXFileReference; lastKnownFileType = sourcecode.swift; path = HomePageViewController.swift; sourceTree = "<group>"; };
		C317643129BA03AF00E69495 /* FeedingPointViewController.swift */ = {isa = PBXFileReference; lastKnownFileType = sourcecode.swift; path = FeedingPointViewController.swift; sourceTree = "<group>"; };
		C317643329BA03CA00E69495 /* NewAddViewController.swift */ = {isa = PBXFileReference; lastKnownFileType = sourcecode.swift; path = NewAddViewController.swift; sourceTree = "<group>"; };
		C317643529BA03D900E69495 /* LocationViewController.swift */ = {isa = PBXFileReference; lastKnownFileType = sourcecode.swift; path = LocationViewController.swift; sourceTree = "<group>"; };
		C317643729BA03E500E69495 /* SettingsViewController.swift */ = {isa = PBXFileReference; lastKnownFileType = sourcecode.swift; path = SettingsViewController.swift; sourceTree = "<group>"; };
		C317643B29BA13C100E69495 /* addFeedingPointViewController.swift */ = {isa = PBXFileReference; lastKnownFileType = sourcecode.swift; path = addFeedingPointViewController.swift; sourceTree = "<group>"; };
		C317643D29BA13DB00E69495 /* addAdoptAnimalViewController.swift */ = {isa = PBXFileReference; lastKnownFileType = sourcecode.swift; path = addAdoptAnimalViewController.swift; sourceTree = "<group>"; };
		C317644129BA193D00E69495 /* DetailViewController.swift */ = {isa = PBXFileReference; lastKnownFileType = sourcecode.swift; path = DetailViewController.swift; sourceTree = "<group>"; };
		C33424DC29D99FA300BE91E2 /* FeedTableViewCell.swift */ = {isa = PBXFileReference; lastKnownFileType = sourcecode.swift; path = FeedTableViewCell.swift; sourceTree = "<group>"; };
		C33424DE29D9A98100BE91E2 /* DetailFeedViewController.swift */ = {isa = PBXFileReference; lastKnownFileType = sourcecode.swift; path = DetailFeedViewController.swift; sourceTree = "<group>"; };
		C3434B7229D6D42D00D4A877 /* AnimalsTableViewCell.swift */ = {isa = PBXFileReference; lastKnownFileType = sourcecode.swift; path = AnimalsTableViewCell.swift; sourceTree = "<group>"; };
		C373879829B744F800286DCB /* HelpAnimals.app */ = {isa = PBXFileReference; explicitFileType = wrapper.application; includeInIndex = 0; path = HelpAnimals.app; sourceTree = BUILT_PRODUCTS_DIR; };
		C373879B29B744F800286DCB /* AppDelegate.swift */ = {isa = PBXFileReference; lastKnownFileType = sourcecode.swift; path = AppDelegate.swift; sourceTree = "<group>"; };
		C373879D29B744F800286DCB /* SceneDelegate.swift */ = {isa = PBXFileReference; lastKnownFileType = sourcecode.swift; path = SceneDelegate.swift; sourceTree = "<group>"; };
		C373879F29B744F800286DCB /* ViewController.swift */ = {isa = PBXFileReference; lastKnownFileType = sourcecode.swift; path = ViewController.swift; sourceTree = "<group>"; };
		C37387A229B744F800286DCB /* Base */ = {isa = PBXFileReference; lastKnownFileType = file.storyboard; name = Base; path = Base.lproj/Main.storyboard; sourceTree = "<group>"; };
		C37387A429B744F900286DCB /* Assets.xcassets */ = {isa = PBXFileReference; lastKnownFileType = folder.assetcatalog; path = Assets.xcassets; sourceTree = "<group>"; };
		C37387A729B744F900286DCB /* Base */ = {isa = PBXFileReference; lastKnownFileType = file.storyboard; name = Base; path = Base.lproj/LaunchScreen.storyboard; sourceTree = "<group>"; };
		C37387A929B744F900286DCB /* Info.plist */ = {isa = PBXFileReference; lastKnownFileType = text.plist.xml; path = Info.plist; sourceTree = "<group>"; };
		C3DD784029B8A3B100807C73 /* GoogleService-Info.plist */ = {isa = PBXFileReference; fileEncoding = 4; lastKnownFileType = text.plist.xml; path = "GoogleService-Info.plist"; sourceTree = "<group>"; };
		C3FECFCF29B8CC2C000BE67E /* SignInViewController.swift */ = {isa = PBXFileReference; lastKnownFileType = sourcecode.swift; path = SignInViewController.swift; sourceTree = "<group>"; };
		C3FECFD129B8CCE5000BE67E /* SignUpViewController.swift */ = {isa = PBXFileReference; lastKnownFileType = sourcecode.swift; path = SignUpViewController.swift; sourceTree = "<group>"; };
		ECF4DA49AAFE33B469F2A2E7 /* Pods-HelpAnimals.debug.xcconfig */ = {isa = PBXFileReference; includeInIndex = 1; lastKnownFileType = text.xcconfig; name = "Pods-HelpAnimals.debug.xcconfig"; path = "Target Support Files/Pods-HelpAnimals/Pods-HelpAnimals.debug.xcconfig"; sourceTree = "<group>"; };
/* End PBXFileReference section */

/* Begin PBXFrameworksBuildPhase section */
		C373879529B744F700286DCB /* Frameworks */ = {
			isa = PBXFrameworksBuildPhase;
			buildActionMask = 2147483647;
			files = (
				BBAA0B30A4591B88376F3DFB /* Pods_HelpAnimals.framework in Frameworks */,
			);
			runOnlyForDeploymentPostprocessing = 0;
		};
/* End PBXFrameworksBuildPhase section */

/* Begin PBXGroup section */
		63D4B401C92CA2E9FCA0DC43 /* Pods */ = {
			isa = PBXGroup;
			children = (
				ECF4DA49AAFE33B469F2A2E7 /* Pods-HelpAnimals.debug.xcconfig */,
				41AE161A1EA30D37F476150D /* Pods-HelpAnimals.release.xcconfig */,
			);
			path = Pods;
			sourceTree = "<group>";
		};
		8F93C7905F3889E25C175A2A /* Frameworks */ = {
			isa = PBXGroup;
			children = (
				6EDD16C00CDBA190F85836DC /* Pods_HelpAnimals.framework */,
			);
			name = Frameworks;
			sourceTree = "<group>";
		};
		C31A46D329D571BC0013F0CC /* UserLogin */ = {
			isa = PBXGroup;
			children = (
				C3FECFCF29B8CC2C000BE67E /* SignInViewController.swift */,
				C3FECFD129B8CCE5000BE67E /* SignUpViewController.swift */,
			);
			path = UserLogin;
			sourceTree = "<group>";
		};
		C31A46D429D573880013F0CC /* HomePage */ = {
			isa = PBXGroup;
			children = (
				C317642F29BA038800E69495 /* HomePageViewController.swift */,
				C3434B7229D6D42D00D4A877 /* AnimalsTableViewCell.swift */,
			);
			path = HomePage;
			sourceTree = "<group>";
		};
		C31A46D529D573E50013F0CC /* AddNew */ = {
			isa = PBXGroup;
			children = (
				C317643329BA03CA00E69495 /* NewAddViewController.swift */,
				C317643B29BA13C100E69495 /* addFeedingPointViewController.swift */,
				C317643D29BA13DB00E69495 /* addAdoptAnimalViewController.swift */,
			);
			path = AddNew;
			sourceTree = "<group>";
		};
		C31A46D629D574280013F0CC /* Settings */ = {
			isa = PBXGroup;
			children = (
				C317643729BA03E500E69495 /* SettingsViewController.swift */,
			);
			path = Settings;
			sourceTree = "<group>";
		};
		C31A46D729D574350013F0CC /* Location */ = {
			isa = PBXGroup;
			children = (
				C317643529BA03D900E69495 /* LocationViewController.swift */,
			);
			path = Location;
			sourceTree = "<group>";
		};
		C31A46D829D574530013F0CC /* Feed */ = {
			isa = PBXGroup;
			children = (
				C317643129BA03AF00E69495 /* FeedingPointViewController.swift */,
				C33424DC29D99FA300BE91E2 /* FeedTableViewCell.swift */,
			);
			path = Feed;
			sourceTree = "<group>";
		};
		C31A46D929D574890013F0CC /* Details */ = {
			isa = PBXGroup;
			children = (
				C317644129BA193D00E69495 /* DetailViewController.swift */,
				C33424DE29D9A98100BE91E2 /* DetailFeedViewController.swift */,
			);
			path = Details;
			sourceTree = "<group>";
		};
		C373878F29B744F700286DCB = {
			isa = PBXGroup;
			children = (
				C373879A29B744F800286DCB /* HelpAnimals */,
				C373879929B744F800286DCB /* Products */,
				63D4B401C92CA2E9FCA0DC43 /* Pods */,
				8F93C7905F3889E25C175A2A /* Frameworks */,
			);
			sourceTree = "<group>";
		};
		C373879929B744F800286DCB /* Products */ = {
			isa = PBXGroup;
			children = (
				C373879829B744F800286DCB /* HelpAnimals.app */,
			);
			name = Products;
			sourceTree = "<group>";
		};
		C373879A29B744F800286DCB /* HelpAnimals */ = {
			isa = PBXGroup;
			children = (
				C373879B29B744F800286DCB /* AppDelegate.swift */,
				C373879D29B744F800286DCB /* SceneDelegate.swift */,
				C373879F29B744F800286DCB /* ViewController.swift */,
				C31A46D929D574890013F0CC /* Details */,
				C31A46D829D574530013F0CC /* Feed */,
				C31A46D729D574350013F0CC /* Location */,
				C31A46D629D574280013F0CC /* Settings */,
				C31A46D529D573E50013F0CC /* AddNew */,
				C31A46D429D573880013F0CC /* HomePage */,
				C31A46D329D571BC0013F0CC /* UserLogin */,
				C37387A129B744F800286DCB /* Main.storyboard */,
				C37387A429B744F900286DCB /* Assets.xcassets */,
				C37387A629B744F900286DCB /* LaunchScreen.storyboard */,
				C37387A929B744F900286DCB /* Info.plist */,
				C3DD784029B8A3B100807C73 /* GoogleService-Info.plist */,
				C3120F8A29DAB9F30038AA63 /* LocationModel.xcdatamodeld */,
			);
			path = HelpAnimals;
			sourceTree = "<group>";
		};
/* End PBXGroup section */

/* Begin PBXNativeTarget section */
		C373879729B744F700286DCB /* HelpAnimals */ = {
			isa = PBXNativeTarget;
			buildConfigurationList = C37387AC29B744F900286DCB /* Build configuration list for PBXNativeTarget "HelpAnimals" */;
			buildPhases = (
				213B5E5DD7346E3D527BA97F /* [CP] Check Pods Manifest.lock */,
				C373879429B744F700286DCB /* Sources */,
				C373879529B744F700286DCB /* Frameworks */,
				C373879629B744F700286DCB /* Resources */,
				C7DF1022423668C7C4CF246A /* [CP] Embed Pods Frameworks */,
			);
			buildRules = (
			);
			dependencies = (
			);
			name = HelpAnimals;
			productName = HelpAnimals;
			productReference = C373879829B744F800286DCB /* HelpAnimals.app */;
			productType = "com.apple.product-type.application";
		};
/* End PBXNativeTarget section */

/* Begin PBXProject section */
		C373879029B744F700286DCB /* Project object */ = {
			isa = PBXProject;
			attributes = {
				BuildIndependentTargetsInParallel = 1;
				LastSwiftUpdateCheck = 1420;
				LastUpgradeCheck = 1420;
				TargetAttributes = {
					C373879729B744F700286DCB = {
						CreatedOnToolsVersion = 14.2;
					};
				};
			};
			buildConfigurationList = C373879329B744F700286DCB /* Build configuration list for PBXProject "HelpAnimals" */;
			compatibilityVersion = "Xcode 14.0";
			developmentRegion = en;
			hasScannedForEncodings = 0;
			knownRegions = (
				en,
				Base,
			);
			mainGroup = C373878F29B744F700286DCB;
			productRefGroup = C373879929B744F800286DCB /* Products */;
			projectDirPath = "";
			projectRoot = "";
			targets = (
				C373879729B744F700286DCB /* HelpAnimals */,
			);
		};
/* End PBXProject section */

/* Begin PBXResourcesBuildPhase section */
		C373879629B744F700286DCB /* Resources */ = {
			isa = PBXResourcesBuildPhase;
			buildActionMask = 2147483647;
			files = (
				C37387A829B744F900286DCB /* LaunchScreen.storyboard in Resources */,
				C37387A529B744F900286DCB /* Assets.xcassets in Resources */,
				C3DD784129B8A3B100807C73 /* GoogleService-Info.plist in Resources */,
				C37387A329B744F800286DCB /* Main.storyboard in Resources */,
			);
			runOnlyForDeploymentPostprocessing = 0;
		};
/* End PBXResourcesBuildPhase section */

/* Begin PBXShellScriptBuildPhase section */
		213B5E5DD7346E3D527BA97F /* [CP] Check Pods Manifest.lock */ = {
			isa = PBXShellScriptBuildPhase;
			buildActionMask = 2147483647;
			files = (
			);
			inputFileListPaths = (
			);
			inputPaths = (
				"${PODS_PODFILE_DIR_PATH}/Podfile.lock",
				"${PODS_ROOT}/Manifest.lock",
			);
			name = "[CP] Check Pods Manifest.lock";
			outputFileListPaths = (
			);
			outputPaths = (
				"$(DERIVED_FILE_DIR)/Pods-HelpAnimals-checkManifestLockResult.txt",
			);
			runOnlyForDeploymentPostprocessing = 0;
			shellPath = /bin/sh;
			shellScript = "diff \"${PODS_PODFILE_DIR_PATH}/Podfile.lock\" \"${PODS_ROOT}/Manifest.lock\" > /dev/null\nif [ $? != 0 ] ; then\n    # print error to STDERR\n    echo \"error: The sandbox is not in sync with the Podfile.lock. Run 'pod install' or update your CocoaPods installation.\" >&2\n    exit 1\nfi\n# This output is used by Xcode 'outputs' to avoid re-running this script phase.\necho \"SUCCESS\" > \"${SCRIPT_OUTPUT_FILE_0}\"\n";
			showEnvVarsInLog = 0;
		};
		C7DF1022423668C7C4CF246A /* [CP] Embed Pods Frameworks */ = {
			isa = PBXShellScriptBuildPhase;
			buildActionMask = 2147483647;
			files = (
			);
			inputFileListPaths = (
				"${PODS_ROOT}/Target Support Files/Pods-HelpAnimals/Pods-HelpAnimals-frameworks-${CONFIGURATION}-input-files.xcfilelist",
			);
			name = "[CP] Embed Pods Frameworks";
			outputFileListPaths = (
				"${PODS_ROOT}/Target Support Files/Pods-HelpAnimals/Pods-HelpAnimals-frameworks-${CONFIGURATION}-output-files.xcfilelist",
			);
			runOnlyForDeploymentPostprocessing = 0;
			shellPath = /bin/sh;
			shellScript = "\"${PODS_ROOT}/Target Support Files/Pods-HelpAnimals/Pods-HelpAnimals-frameworks.sh\"\n";
			showEnvVarsInLog = 0;
		};
/* End PBXShellScriptBuildPhase section */

/* Begin PBXSourcesBuildPhase section */
		C373879429B744F700286DCB /* Sources */ = {
			isa = PBXSourcesBuildPhase;
			buildActionMask = 2147483647;
			files = (
				C317644229BA193D00E69495 /* DetailViewController.swift in Sources */,
				C3434B7329D6D42D00D4A877 /* AnimalsTableViewCell.swift in Sources */,
				C3FECFD029B8CC2C000BE67E /* SignInViewController.swift in Sources */,
				C37387A029B744F800286DCB /* ViewController.swift in Sources */,
				C33424DD29D99FA300BE91E2 /* FeedTableViewCell.swift in Sources */,
				C317643029BA038800E69495 /* HomePageViewController.swift in Sources */,
				C317643829BA03E500E69495 /* SettingsViewController.swift in Sources */,
				C317643C29BA13C100E69495 /* addFeedingPointViewController.swift in Sources */,
				C373879C29B744F800286DCB /* AppDelegate.swift in Sources */,
				C373879E29B744F800286DCB /* SceneDelegate.swift in Sources */,
				C317643E29BA13DB00E69495 /* addAdoptAnimalViewController.swift in Sources */,
				C3FECFD229B8CCE5000BE67E /* SignUpViewController.swift in Sources */,
				C317643629BA03D900E69495 /* LocationViewController.swift in Sources */,
				C317643229BA03AF00E69495 /* FeedingPointViewController.swift in Sources */,
				C3120F8C29DAB9F40038AA63 /* LocationModel.xcdatamodeld in Sources */,
				C317643429BA03CA00E69495 /* NewAddViewController.swift in Sources */,
				C33424DF29D9A98100BE91E2 /* DetailFeedViewController.swift in Sources */,
			);
			runOnlyForDeploymentPostprocessing = 0;
		};
/* End PBXSourcesBuildPhase section */

/* Begin PBXVariantGroup section */
		C37387A129B744F800286DCB /* Main.storyboard */ = {
			isa = PBXVariantGroup;
			children = (
				C37387A229B744F800286DCB /* Base */,
			);
			name = Main.storyboard;
			sourceTree = "<group>";
		};
		C37387A629B744F900286DCB /* LaunchScreen.storyboard */ = {
			isa = PBXVariantGroup;
			children = (
				C37387A729B744F900286DCB /* Base */,
			);
			name = LaunchScreen.storyboard;
			sourceTree = "<group>";
		};
/* End PBXVariantGroup section */

/* Begin XCBuildConfiguration section */
		C37387AA29B744F900286DCB /* Debug */ = {
			isa = XCBuildConfiguration;
			buildSettings = {
				ALWAYS_SEARCH_USER_PATHS = NO;
				CLANG_ANALYZER_NONNULL = YES;
				CLANG_ANALYZER_NUMBER_OBJECT_CONVERSION = YES_AGGRESSIVE;
				CLANG_CXX_LANGUAGE_STANDARD = "gnu++20";
				CLANG_ENABLE_MODULES = YES;
				CLANG_ENABLE_OBJC_ARC = YES;
				CLANG_ENABLE_OBJC_WEAK = YES;
				CLANG_WARN_BLOCK_CAPTURE_AUTORELEASING = YES;
				CLANG_WARN_BOOL_CONVERSION = YES;
				CLANG_WARN_COMMA = YES;
				CLANG_WARN_CONSTANT_CONVERSION = YES;
				CLANG_WARN_DEPRECATED_OBJC_IMPLEMENTATIONS = YES;
				CLANG_WARN_DIRECT_OBJC_ISA_USAGE = YES_ERROR;
				CLANG_WARN_DOCUMENTATION_COMMENTS = YES;
				CLANG_WARN_EMPTY_BODY = YES;
				CLANG_WARN_ENUM_CONVERSION = YES;
				CLANG_WARN_INFINITE_RECURSION = YES;
				CLANG_WARN_INT_CONVERSION = YES;
				CLANG_WARN_NON_LITERAL_NULL_CONVERSION = YES;
				CLANG_WARN_OBJC_IMPLICIT_RETAIN_SELF = YES;
				CLANG_WARN_OBJC_LITERAL_CONVERSION = YES;
				CLANG_WARN_OBJC_ROOT_CLASS = YES_ERROR;
				CLANG_WARN_QUOTED_INCLUDE_IN_FRAMEWORK_HEADER = YES;
				CLANG_WARN_RANGE_LOOP_ANALYSIS = YES;
				CLANG_WARN_STRICT_PROTOTYPES = YES;
				CLANG_WARN_SUSPICIOUS_MOVE = YES;
				CLANG_WARN_UNGUARDED_AVAILABILITY = YES_AGGRESSIVE;
				CLANG_WARN_UNREACHABLE_CODE = YES;
				CLANG_WARN__DUPLICATE_METHOD_MATCH = YES;
				COPY_PHASE_STRIP = NO;
				DEBUG_INFORMATION_FORMAT = dwarf;
				ENABLE_STRICT_OBJC_MSGSEND = YES;
				ENABLE_TESTABILITY = YES;
				GCC_C_LANGUAGE_STANDARD = gnu11;
				GCC_DYNAMIC_NO_PIC = NO;
				GCC_NO_COMMON_BLOCKS = YES;
				GCC_OPTIMIZATION_LEVEL = 0;
				GCC_PREPROCESSOR_DEFINITIONS = (
					"DEBUG=1",
					"$(inherited)",
				);
				GCC_WARN_64_TO_32_BIT_CONVERSION = YES;
				GCC_WARN_ABOUT_RETURN_TYPE = YES_ERROR;
				GCC_WARN_UNDECLARED_SELECTOR = YES;
				GCC_WARN_UNINITIALIZED_AUTOS = YES_AGGRESSIVE;
				GCC_WARN_UNUSED_FUNCTION = YES;
				GCC_WARN_UNUSED_VARIABLE = YES;
				IPHONEOS_DEPLOYMENT_TARGET = 16.2;
				MTL_ENABLE_DEBUG_INFO = INCLUDE_SOURCE;
				MTL_FAST_MATH = YES;
				ONLY_ACTIVE_ARCH = YES;
				SDKROOT = iphoneos;
				SWIFT_ACTIVE_COMPILATION_CONDITIONS = DEBUG;
				SWIFT_OPTIMIZATION_LEVEL = "-Onone";
			};
			name = Debug;
		};
		C37387AB29B744F900286DCB /* Release */ = {
			isa = XCBuildConfiguration;
			buildSettings = {
				ALWAYS_SEARCH_USER_PATHS = NO;
				CLANG_ANALYZER_NONNULL = YES;
				CLANG_ANALYZER_NUMBER_OBJECT_CONVERSION = YES_AGGRESSIVE;
				CLANG_CXX_LANGUAGE_STANDARD = "gnu++20";
				CLANG_ENABLE_MODULES = YES;
				CLANG_ENABLE_OBJC_ARC = YES;
				CLANG_ENABLE_OBJC_WEAK = YES;
				CLANG_WARN_BLOCK_CAPTURE_AUTORELEASING = YES;
				CLANG_WARN_BOOL_CONVERSION = YES;
				CLANG_WARN_COMMA = YES;
				CLANG_WARN_CONSTANT_CONVERSION = YES;
				CLANG_WARN_DEPRECATED_OBJC_IMPLEMENTATIONS = YES;
				CLANG_WARN_DIRECT_OBJC_ISA_USAGE = YES_ERROR;
				CLANG_WARN_DOCUMENTATION_COMMENTS = YES;
				CLANG_WARN_EMPTY_BODY = YES;
				CLANG_WARN_ENUM_CONVERSION = YES;
				CLANG_WARN_INFINITE_RECURSION = YES;
				CLANG_WARN_INT_CONVERSION = YES;
				CLANG_WARN_NON_LITERAL_NULL_CONVERSION = YES;
				CLANG_WARN_OBJC_IMPLICIT_RETAIN_SELF = YES;
				CLANG_WARN_OBJC_LITERAL_CONVERSION = YES;
				CLANG_WARN_OBJC_ROOT_CLASS = YES_ERROR;
				CLANG_WARN_QUOTED_INCLUDE_IN_FRAMEWORK_HEADER = YES;
				CLANG_WARN_RANGE_LOOP_ANALYSIS = YES;
				CLANG_WARN_STRICT_PROTOTYPES = YES;
				CLANG_WARN_SUSPICIOUS_MOVE = YES;
				CLANG_WARN_UNGUARDED_AVAILABILITY = YES_AGGRESSIVE;
				CLANG_WARN_UNREACHABLE_CODE = YES;
				CLANG_WARN__DUPLICATE_METHOD_MATCH = YES;
				COPY_PHASE_STRIP = NO;
				DEBUG_INFORMATION_FORMAT = "dwarf-with-dsym";
				ENABLE_NS_ASSERTIONS = NO;
				ENABLE_STRICT_OBJC_MSGSEND = YES;
				GCC_C_LANGUAGE_STANDARD = gnu11;
				GCC_NO_COMMON_BLOCKS = YES;
				GCC_WARN_64_TO_32_BIT_CONVERSION = YES;
				GCC_WARN_ABOUT_RETURN_TYPE = YES_ERROR;
				GCC_WARN_UNDECLARED_SELECTOR = YES;
				GCC_WARN_UNINITIALIZED_AUTOS = YES_AGGRESSIVE;
				GCC_WARN_UNUSED_FUNCTION = YES;
				GCC_WARN_UNUSED_VARIABLE = YES;
				IPHONEOS_DEPLOYMENT_TARGET = 16.2;
				MTL_ENABLE_DEBUG_INFO = NO;
				MTL_FAST_MATH = YES;
				SDKROOT = iphoneos;
				SWIFT_COMPILATION_MODE = wholemodule;
				SWIFT_OPTIMIZATION_LEVEL = "-O";
				VALIDATE_PRODUCT = YES;
			};
			name = Release;
		};
		C37387AD29B744F900286DCB /* Debug */ = {
			isa = XCBuildConfiguration;
			baseConfigurationReference = ECF4DA49AAFE33B469F2A2E7 /* Pods-HelpAnimals.debug.xcconfig */;
			buildSettings = {
				ASSETCATALOG_COMPILER_APPICON_NAME = AppIcon;
				ASSETCATALOG_COMPILER_GLOBAL_ACCENT_COLOR_NAME = AccentColor;
				CODE_SIGN_STYLE = Automatic;
				CURRENT_PROJECT_VERSION = 1;
				DEVELOPMENT_TEAM = GH2QZAPBMB;
				GENERATE_INFOPLIST_FILE = YES;
				INFOPLIST_FILE = HelpAnimals/Info.plist;
				INFOPLIST_KEY_UIApplicationSupportsIndirectInputEvents = YES;
				INFOPLIST_KEY_UILaunchStoryboardName = LaunchScreen;
				INFOPLIST_KEY_UIMainStoryboardFile = Main;
				INFOPLIST_KEY_UISupportedInterfaceOrientations_iPad = "UIInterfaceOrientationPortrait UIInterfaceOrientationPortraitUpsideDown UIInterfaceOrientationLandscapeLeft UIInterfaceOrientationLandscapeRight";
				INFOPLIST_KEY_UISupportedInterfaceOrientations_iPhone = "UIInterfaceOrientationPortrait UIInterfaceOrientationLandscapeLeft UIInterfaceOrientationLandscapeRight";
				LD_RUNPATH_SEARCH_PATHS = (
					"$(inherited)",
					"@executable_path/Frameworks",
				);
				MARKETING_VERSION = 1.0;
				PRODUCT_BUNDLE_IDENTIFIER = com.ozlemcali.HelpAnimals;
				PRODUCT_NAME = "$(TARGET_NAME)";
				SWIFT_EMIT_LOC_STRINGS = YES;
				SWIFT_VERSION = 5.0;
				TARGETED_DEVICE_FAMILY = "1,2";
			};
			name = Debug;
		};
		C37387AE29B744F900286DCB /* Release */ = {
			isa = XCBuildConfiguration;
			baseConfigurationReference = 41AE161A1EA30D37F476150D /* Pods-HelpAnimals.release.xcconfig */;
			buildSettings = {
				ASSETCATALOG_COMPILER_APPICON_NAME = AppIcon;
				ASSETCATALOG_COMPILER_GLOBAL_ACCENT_COLOR_NAME = AccentColor;
				CODE_SIGN_STYLE = Automatic;
				CURRENT_PROJECT_VERSION = 1;
				DEVELOPMENT_TEAM = GH2QZAPBMB;
				GENERATE_INFOPLIST_FILE = YES;
				INFOPLIST_FILE = HelpAnimals/Info.plist;
				INFOPLIST_KEY_UIApplicationSupportsIndirectInputEvents = YES;
				INFOPLIST_KEY_UILaunchStoryboardName = LaunchScreen;
				INFOPLIST_KEY_UIMainStoryboardFile = Main;
				INFOPLIST_KEY_UISupportedInterfaceOrientations_iPad = "UIInterfaceOrientationPortrait UIInterfaceOrientationPortraitUpsideDown UIInterfaceOrientationLandscapeLeft UIInterfaceOrientationLandscapeRight";
				INFOPLIST_KEY_UISupportedInterfaceOrientations_iPhone = "UIInterfaceOrientationPortrait UIInterfaceOrientationLandscapeLeft UIInterfaceOrientationLandscapeRight";
				LD_RUNPATH_SEARCH_PATHS = (
					"$(inherited)",
					"@executable_path/Frameworks",
				);
				MARKETING_VERSION = 1.0;
				PRODUCT_BUNDLE_IDENTIFIER = com.ozlemcali.HelpAnimals;
				PRODUCT_NAME = "$(TARGET_NAME)";
				SWIFT_EMIT_LOC_STRINGS = YES;
				SWIFT_VERSION = 5.0;
				TARGETED_DEVICE_FAMILY = "1,2";
			};
			name = Release;
		};
/* End XCBuildConfiguration section */

/* Begin XCConfigurationList section */
		C373879329B744F700286DCB /* Build configuration list for PBXProject "HelpAnimals" */ = {
			isa = XCConfigurationList;
			buildConfigurations = (
				C37387AA29B744F900286DCB /* Debug */,
				C37387AB29B744F900286DCB /* Release */,
			);
			defaultConfigurationIsVisible = 0;
			defaultConfigurationName = Release;
		};
		C37387AC29B744F900286DCB /* Build configuration list for PBXNativeTarget "HelpAnimals" */ = {
			isa = XCConfigurationList;
			buildConfigurations = (
				C37387AD29B744F900286DCB /* Debug */,
				C37387AE29B744F900286DCB /* Release */,
			);
			defaultConfigurationIsVisible = 0;
			defaultConfigurationName = Release;
		};
/* End XCConfigurationList section */

/* Begin XCVersionGroup section */
		C3120F8A29DAB9F30038AA63 /* LocationModel.xcdatamodeld */ = {
			isa = XCVersionGroup;
			children = (
				C3120F8B29DAB9F40038AA63 /* LocationModel.xcdatamodel */,
			);
			currentVersion = C3120F8B29DAB9F40038AA63 /* LocationModel.xcdatamodel */;
			path = LocationModel.xcdatamodeld;
			sourceTree = "<group>";
			versionGroupType = wrapper.xcdatamodel;
		};
/* End XCVersionGroup section */
	};
	rootObject = C373879029B744F700286DCB /* Project object */;
}
